{
	"name": "@serverless-normalize/aws",
	"version": "0.0.6",
	"lockfileVersion": 1,
	"requires": true,
	"dependencies": {
		"@types/aws-lambda": {
			"version": "8.10.30",
			"resolved": "https://registry.npmjs.org/@types/aws-lambda/-/aws-lambda-8.10.30.tgz",
			"integrity": "sha512-b7qoehANMfwwl7BcVSn/6NN/4fq7w4T5xO2YnJGT84CAuTl0rdAQGvc9/POfcJcjAeTgiUTqiTTFWDBLq7SsvQ=="
		}
	}
}
